
Microsoft Visual Studio Solution File, Format Version 12.00
# Visual Studio 15
Project("{FAE04EC0-301F-11D3-BF4B-00C04F79EFBC}") = "Assembly-CSharp", "Assembly-CSharp.csproj", "{C1531933-7E59-4E5F-F197-67CEB8E8A38F}"
EndProject
Project("{FAE04EC0-301F-11D3-BF4B-00C04F79EFBC}") = "Assembly-CSharp-Editor", "Assembly-CSharp-Editor.csproj", "{ADCE8EF9-91B5-0D89-D975-E275154F88B7}"
EndProject
Global
	GlobalSection(SolutionConfigurationPlatforms) = preSolution
		Debug|Any CPU = Debug|Any CPU
		Release|Any CPU = Release|Any CPU
	EndGlobalSection
	GlobalSection(ProjectConfigurationPlatforms) = postSolution
		{C1531933-7E59-4E5F-F197-67CEB8E8A38F}.Debug|Any CPU.ActiveCfg = Debug|Any CPU
		{C1531933-7E59-4E5F-F197-67CEB8E8A38F}.Debug|Any CPU.Build.0 = Debug|Any CPU
		{C1531933-7E59-4E5F-F197-67CEB8E8A38F}.Release|Any CPU.ActiveCfg = Release|Any CPU
		{C1531933-7E59-4E5F-F197-67CEB8E8A38F}.Release|Any CPU.Build.0 = Release|Any CPU
		{ADCE8EF9-91B5-0D89-D975-E275154F88B7}.Debug|Any CPU.ActiveCfg = Debug|Any CPU
		{ADCE8EF9-91B5-0D89-D975-E275154F88B7}.Debug|Any CPU.Build.0 = Debug|Any CPU
		{ADCE8EF9-91B5-0D89-D975-E275154F88B7}.Release|Any CPU.ActiveCfg = Release|Any CPU
		{ADCE8EF9-91B5-0D89-D975-E275154F88B7}.Release|Any CPU.Build.0 = Release|Any CPU
	EndGlobalSection
	GlobalSection(SolutionProperties) = preSolution
		HideSolutionNode = FALSE
	EndGlobalSection
	GlobalSection(MonoDevelopProperties) = preSolution
		StartupItem = Assembly-CSharp.csproj
	EndGlobalSection
EndGlobal
